
Microsoft Visual Studio Solution File, Format Version 12.00
# Visual Studio Version 16
VisualStudioVersion = 16.0.36602.28
MinimumVisualStudioVersion = 10.0.40219.1
Project("{8BC9CEB8-8B4A-11D0-8D11-00A0C91BC942}") = "ACTIVE", "SRC\Active\ACTIVE.vcxproj", "{E2F37802-3005-4814-9E08-13F961D19D29}"
EndProject
Project("{8BC9CEB8-8B4A-11D0-8D11-00A0C91BC942}") = "AlarmIf", "SRC\AlarmIf\AlarmIf.vcxproj", "{8ADABE5F-225A-4F81-B251-03D1892EE05B}"
EndProject
Project("{8BC9CEB8-8B4A-11D0-8D11-00A0C91BC942}") = "ConfigFile", "SRC\ConfigFile\ConfigFile.vcxproj", "{B8BE460E-F586-44D9-AF14-A8F4989E0018}"
EndProject
Project("{8BC9CEB8-8B4A-11D0-8D11-00A0C91BC942}") = "DESKEW", "SRC\Deskew\DESKEW.vcxproj", "{0E07DB24-C2E1-4912-AB61-C24C4D766C18}"
EndProject
Project("{8BC9CEB8-8B4A-11D0-8D11-00A0C91BC942}") = "HOOK", "SRC\Hook\HOOK.vcxproj", "{793E1B76-7F6E-425D-9B9E-6F6C9CFC5140}"
EndProject
Project("{8BC9CEB8-8B4A-11D0-8D11-00A0C91BC942}") = "MEASYS", "SRC\MeaSys\MEASYS.vcxproj", "{5767A8B2-9D5F-4D5E-851D-632F997F30DC}"
EndProject
Project("{8BC9CEB8-8B4A-11D0-8D11-00A0C91BC942}") = "MEASYSRCENU", "SRC\MeaSys\MEASYSRCENU\MEASYSRCENU.vcxproj", "{D30AF721-1D00-4A33-B8B4-376312A9854D}"
EndProject
Project("{8BC9CEB8-8B4A-11D0-8D11-00A0C91BC942}") = "MEASYSRCJPN", "SRC\MeaSys\MEASYSRCJPN\MEASYSRCJPN.vcxproj", "{9BD02F46-585D-4F59-856F-0301D4D1EFCA}"
EndProject
Project("{8BC9CEB8-8B4A-11D0-8D11-00A0C91BC942}") = "MOTTSK", "SRC\MotTsk\MOTTSK.vcxproj", "{5D3B38CE-09B6-4C56-9DA5-F4F7BDEB63F3}"
EndProject
Project("{8BC9CEB8-8B4A-11D0-8D11-00A0C91BC942}") = "MotSysCfg", "SRC\MotSysCfgN\MotSysCfg.vcxproj", "{C56C7CC1-CCEE-4806-AE31-F833828073C1}"
EndProject
Project("{8BC9CEB8-8B4A-11D0-8D11-00A0C91BC942}") = "MotSysG", "SRC\MotSysNSPT\MotSysG.vcxproj", "{BE700274-80D3-426D-A6BB-1A8974210455}"
EndProject
Project("{8BC9CEB8-8B4A-11D0-8D11-00A0C91BC942}") = "NANOSPECRCENU", "SRC\NanoSpec\NANOSPECRCENU\NANOSPECRCENU.vcxproj", "{F05F5FCB-9C1D-44B7-ACEC-7FD389EC536B}"
EndProject
Project("{8BC9CEB8-8B4A-11D0-8D11-00A0C91BC942}") = "NANOSPECRCJPN", "SRC\NanoSpec\NANOSPECRCJPN\NANOSPECRCJPN.vcxproj", "{C74E84B5-24FF-4C7D-9ADC-76BE988A1C3F}"
EndProject
Project("{8BC9CEB8-8B4A-11D0-8D11-00A0C91BC942}") = "NANOSPECTITLERCENU", "SRC\Title\NANOSPECTITLERCENU\NANOSPECTITLERCENU.vcxproj", "{F826CCEE-4800-4A4A-9FC6-7A2A25FE4049}"
EndProject
Project("{8BC9CEB8-8B4A-11D0-8D11-00A0C91BC942}") = "NANOSPECTITLERCJPN", "SRC\Title\NANOSPECTITLERCJPN\NANOSPECTITLERCJPN.vcxproj", "{0056DA06-82CE-44DE-9E63-4058ECC43304}"
EndProject
Project("{8BC9CEB8-8B4A-11D0-8D11-00A0C91BC942}") = "NEXAX", "SRC\NEXAX\NEXAX.vcxproj", "{2331726B-3417-4FD3-BB1F-E8B8A14CDC2E}"
EndProject
Project("{8BC9CEB8-8B4A-11D0-8D11-00A0C91BC942}") = "NEXIF", "SRC\NEXIF\NEXIF.vcxproj", "{D82022A9-B600-4AA2-8DF3-264E8B4ED7E4}"
EndProject
Project("{8BC9CEB8-8B4A-11D0-8D11-00A0C91BC942}") = "NEXINI", "SRC\NEXINI\NEXINI.vcxproj", "{61CDB3F0-AC15-4EC4-9710-A6593C0F444F}"
EndProject
Project("{8BC9CEB8-8B4A-11D0-8D11-00A0C91BC942}") = "NEXIO", "SRC\NEXIO\NEXIO.vcxproj", "{8D1D97F1-2D2D-4482-8C05-CBC66EE7E009}"
EndProject
Project("{8BC9CEB8-8B4A-11D0-8D11-00A0C91BC942}") = "NEXPROC", "SRC\NEXPROC\NEXPROC.vcxproj", "{8FFAFE3D-BD75-430B-A637-6C8303A9C03C}"
EndProject
Project("{8BC9CEB8-8B4A-11D0-8D11-00A0C91BC942}") = "NEXRCENU", "SRC\NEXRCENU\NEXRCENU.vcxproj", "{AA51502E-D9D3-4D13-B336-E34D53FF1FAA}"
EndProject
Project("{8BC9CEB8-8B4A-11D0-8D11-00A0C91BC942}") = "NEXRCJPN", "SRC\NEXRCJPN\NEXRCJPN.vcxproj", "{AB33FA9E-04A9-4DD1-BA58-5BCEDB86252E}"
EndProject
Project("{8BC9CEB8-8B4A-11D0-8D11-00A0C91BC942}") = "NEXTRA", "SRC\NEXTRA\NEXTRA.vcxproj", "{5A91CD64-1D83-4292-9693-1B69A9B1A808}"
EndProject
Project("{8BC9CEB8-8B4A-11D0-8D11-00A0C91BC942}") = "NEXUI", "SRC\NEXUI\NEXUI.vcxproj", "{BCFB872D-6950-4F7D-B528-4020E44E24E6}"
EndProject
Project("{8BC9CEB8-8B4A-11D0-8D11-00A0C91BC942}") = "NSSTAGERCENU", "SRC\NSStage\NSSTAGERCENU\NSSTAGERCENU.vcxproj", "{8B6EDD2E-2478-4E82-9E1F-D778F534672E}"
EndProject
Project("{8BC9CEB8-8B4A-11D0-8D11-00A0C91BC942}") = "NSSTAGERCJPN", "SRC\NSStage\NSSTAGERCJPN\NSSTAGERCJPN.vcxproj", "{73FC3996-ECB6-4207-914E-A135C41B1E4F}"
EndProject
Project("{8BC9CEB8-8B4A-11D0-8D11-00A0C91BC942}") = "NSStage", "SRC\NSStage\NSStage.vcxproj", "{9B7E1B16-8824-41ED-A976-4D1F0C3A920D}"
EndProject
Project("{8BC9CEB8-8B4A-11D0-8D11-00A0C91BC942}") = "NanoSpec", "SRC\NanoSpec\NanoSpec.vcxproj", "{79BDD81E-048C-4135-808B-F582A4EA794B}"
EndProject
Project("{8BC9CEB8-8B4A-11D0-8D11-00A0C91BC942}") = "NanoSpecTitle", "SRC\Title\NanoSpecTitle.vcxproj", "{F6FF8B93-3AF7-45A0-9A8C-70097418AB9E}"
EndProject
Project("{8BC9CEB8-8B4A-11D0-8D11-00A0C91BC942}") = "OVERLAY", "SRC\OVERLAY\OVERLAY.vcxproj", "{8DF795BF-D26B-44BC-AD12-2D77AE073643}"
EndProject
Project("{8BC9CEB8-8B4A-11D0-8D11-00A0C91BC942}") = "PATREC", "SRC\PatRec\PATREC.vcxproj", "{72404E8C-38ED-4266-ACC3-35A43AEE324F}"
EndProject
Project("{8BC9CEB8-8B4A-11D0-8D11-00A0C91BC942}") = "PORT_NT", "SRC\Port_NT\PORT_NT.vcxproj", "{CE076AA7-058D-49ED-A5A7-D602B64B85D4}"
EndProject
Project("{8BC9CEB8-8B4A-11D0-8D11-00A0C91BC942}") = "PatternFile", "SRC\PatternFile\PatternFile.vcxproj", "{0F364AC6-A018-448B-BD25-1A9E1FCEC80F}"
EndProject
Project("{8BC9CEB8-8B4A-11D0-8D11-00A0C91BC942}") = "PifComm", "SRC\PifComm\PifComm.vcxproj", "{274A646D-2489-40CF-B98E-904C65C4BFFF}"
EndProject
Project("{8BC9CEB8-8B4A-11D0-8D11-00A0C91BC942}") = "RecipeFile", "SRC\RecipeFile\RecipeFile.vcxproj", "{4868DCF1-1E40-49E7-97DA-FF434BCD058F}"
EndProject
Project("{8BC9CEB8-8B4A-11D0-8D11-00A0C91BC942}") = "STAGE", "SRC\Stage\STAGE.vcxproj", "{C5BC96D2-C978-42D2-A2FC-E22A6F92F5F4}"
EndProject
Project("{8BC9CEB8-8B4A-11D0-8D11-00A0C91BC942}") = "UTILITY", "SRC\Utility\UTILITY.vcxproj", "{02D28890-CC03-4596-813F-8E36C63C43A8}"
EndProject
Global
	GlobalSection(SolutionConfigurationPlatforms) = preSolution
		Debug|x86 = Debug|x86
		Release|x86 = Release|x86
		Template|x86 = Template|x86
	EndGlobalSection
	GlobalSection(ProjectConfigurationPlatforms) = postSolution
		{E2F37802-3005-4814-9E08-13F961D19D29}.Debug|x86.ActiveCfg = Debug|Win32
		{E2F37802-3005-4814-9E08-13F961D19D29}.Debug|x86.Build.0 = Debug|Win32
		{E2F37802-3005-4814-9E08-13F961D19D29}.Release|x86.ActiveCfg = Release|Win32
		{E2F37802-3005-4814-9E08-13F961D19D29}.Release|x86.Build.0 = Release|Win32
		{E2F37802-3005-4814-9E08-13F961D19D29}.Template|x86.ActiveCfg = Debug|Win32
		{E2F37802-3005-4814-9E08-13F961D19D29}.Template|x86.Build.0 = Debug|Win32
		{8ADABE5F-225A-4F81-B251-03D1892EE05B}.Debug|x86.ActiveCfg = Debug|Win32
		{8ADABE5F-225A-4F81-B251-03D1892EE05B}.Debug|x86.Build.0 = Debug|Win32
		{8ADABE5F-225A-4F81-B251-03D1892EE05B}.Release|x86.ActiveCfg = Release|Win32
		{8ADABE5F-225A-4F81-B251-03D1892EE05B}.Release|x86.Build.0 = Release|Win32
		{8ADABE5F-225A-4F81-B251-03D1892EE05B}.Template|x86.ActiveCfg = Template|Win32
		{8ADABE5F-225A-4F81-B251-03D1892EE05B}.Template|x86.Build.0 = Template|Win32
		{B8BE460E-F586-44D9-AF14-A8F4989E0018}.Debug|x86.ActiveCfg = Debug|Win32
		{B8BE460E-F586-44D9-AF14-A8F4989E0018}.Debug|x86.Build.0 = Debug|Win32
		{B8BE460E-F586-44D9-AF14-A8F4989E0018}.Release|x86.ActiveCfg = Release|Win32
		{B8BE460E-F586-44D9-AF14-A8F4989E0018}.Release|x86.Build.0 = Release|Win32
		{B8BE460E-F586-44D9-AF14-A8F4989E0018}.Template|x86.ActiveCfg = Template|Win32
		{B8BE460E-F586-44D9-AF14-A8F4989E0018}.Template|x86.Build.0 = Template|Win32
		{0E07DB24-C2E1-4912-AB61-C24C4D766C18}.Debug|x86.ActiveCfg = Debug|Win32
		{0E07DB24-C2E1-4912-AB61-C24C4D766C18}.Debug|x86.Build.0 = Debug|Win32
		{0E07DB24-C2E1-4912-AB61-C24C4D766C18}.Release|x86.ActiveCfg = Release|Win32
		{0E07DB24-C2E1-4912-AB61-C24C4D766C18}.Release|x86.Build.0 = Release|Win32
		{0E07DB24-C2E1-4912-AB61-C24C4D766C18}.Template|x86.ActiveCfg = Template|Win32
		{0E07DB24-C2E1-4912-AB61-C24C4D766C18}.Template|x86.Build.0 = Template|Win32
		{793E1B76-7F6E-425D-9B9E-6F6C9CFC5140}.Debug|x86.ActiveCfg = Debug|Win32
		{793E1B76-7F6E-425D-9B9E-6F6C9CFC5140}.Debug|x86.Build.0 = Debug|Win32
		{793E1B76-7F6E-425D-9B9E-6F6C9CFC5140}.Release|x86.ActiveCfg = Release|Win32
		{793E1B76-7F6E-425D-9B9E-6F6C9CFC5140}.Release|x86.Build.0 = Release|Win32
		{793E1B76-7F6E-425D-9B9E-6F6C9CFC5140}.Template|x86.ActiveCfg = Template|Win32
		{793E1B76-7F6E-425D-9B9E-6F6C9CFC5140}.Template|x86.Build.0 = Template|Win32
		{5767A8B2-9D5F-4D5E-851D-632F997F30DC}.Debug|x86.ActiveCfg = Debug|Win32
		{5767A8B2-9D5F-4D5E-851D-632F997F30DC}.Debug|x86.Build.0 = Debug|Win32
		{5767A8B2-9D5F-4D5E-851D-632F997F30DC}.Release|x86.ActiveCfg = Release|Win32
		{5767A8B2-9D5F-4D5E-851D-632F997F30DC}.Release|x86.Build.0 = Release|Win32
		{5767A8B2-9D5F-4D5E-851D-632F997F30DC}.Template|x86.ActiveCfg = Template|Win32
		{5767A8B2-9D5F-4D5E-851D-632F997F30DC}.Template|x86.Build.0 = Template|Win32
		{D30AF721-1D00-4A33-B8B4-376312A9854D}.Debug|x86.ActiveCfg = Debug|Win32
		{D30AF721-1D00-4A33-B8B4-376312A9854D}.Debug|x86.Build.0 = Debug|Win32
		{D30AF721-1D00-4A33-B8B4-376312A9854D}.Release|x86.ActiveCfg = Release|Win32
		{D30AF721-1D00-4A33-B8B4-376312A9854D}.Release|x86.Build.0 = Release|Win32
		{D30AF721-1D00-4A33-B8B4-376312A9854D}.Template|x86.ActiveCfg = Template|Win32
		{D30AF721-1D00-4A33-B8B4-376312A9854D}.Template|x86.Build.0 = Template|Win32
		{9BD02F46-585D-4F59-856F-0301D4D1EFCA}.Debug|x86.ActiveCfg = Debug|Win32
		{9BD02F46-585D-4F59-856F-0301D4D1EFCA}.Debug|x86.Build.0 = Debug|Win32
		{9BD02F46-585D-4F59-856F-0301D4D1EFCA}.Release|x86.ActiveCfg = Release|Win32
		{9BD02F46-585D-4F59-856F-0301D4D1EFCA}.Release|x86.Build.0 = Release|Win32
		{9BD02F46-585D-4F59-856F-0301D4D1EFCA}.Template|x86.ActiveCfg = Template|Win32
		{9BD02F46-585D-4F59-856F-0301D4D1EFCA}.Template|x86.Build.0 = Template|Win32
		{5D3B38CE-09B6-4C56-9DA5-F4F7BDEB63F3}.Debug|x86.ActiveCfg = Debug|Win32
		{5D3B38CE-09B6-4C56-9DA5-F4F7BDEB63F3}.Debug|x86.Build.0 = Debug|Win32
		{5D3B38CE-09B6-4C56-9DA5-F4F7BDEB63F3}.Release|x86.ActiveCfg = Release|Win32
		{5D3B38CE-09B6-4C56-9DA5-F4F7BDEB63F3}.Release|x86.Build.0 = Release|Win32
		{5D3B38CE-09B6-4C56-9DA5-F4F7BDEB63F3}.Template|x86.ActiveCfg = Template|Win32
		{5D3B38CE-09B6-4C56-9DA5-F4F7BDEB63F3}.Template|x86.Build.0 = Template|Win32
		{C56C7CC1-CCEE-4806-AE31-F833828073C1}.Debug|x86.ActiveCfg = Debug|Win32
		{C56C7CC1-CCEE-4806-AE31-F833828073C1}.Debug|x86.Build.0 = Debug|Win32
		{C56C7CC1-CCEE-4806-AE31-F833828073C1}.Release|x86.ActiveCfg = Release|Win32
		{C56C7CC1-CCEE-4806-AE31-F833828073C1}.Release|x86.Build.0 = Release|Win32
		{C56C7CC1-CCEE-4806-AE31-F833828073C1}.Template|x86.ActiveCfg = Template|Win32
		{C56C7CC1-CCEE-4806-AE31-F833828073C1}.Template|x86.Build.0 = Template|Win32
		{BE700274-80D3-426D-A6BB-1A8974210455}.Debug|x86.ActiveCfg = Debug|Win32
		{BE700274-80D3-426D-A6BB-1A8974210455}.Debug|x86.Build.0 = Debug|Win32
		{BE700274-80D3-426D-A6BB-1A8974210455}.Release|x86.ActiveCfg = Release|Win32
		{BE700274-80D3-426D-A6BB-1A8974210455}.Release|x86.Build.0 = Release|Win32
		{BE700274-80D3-426D-A6BB-1A8974210455}.Template|x86.ActiveCfg = Template|Win32
		{BE700274-80D3-426D-A6BB-1A8974210455}.Template|x86.Build.0 = Template|Win32
		{F05F5FCB-9C1D-44B7-ACEC-7FD389EC536B}.Debug|x86.ActiveCfg = Debug|Win32
		{F05F5FCB-9C1D-44B7-ACEC-7FD389EC536B}.Debug|x86.Build.0 = Debug|Win32
		{F05F5FCB-9C1D-44B7-ACEC-7FD389EC536B}.Release|x86.ActiveCfg = Release|Win32
		{F05F5FCB-9C1D-44B7-ACEC-7FD389EC536B}.Release|x86.Build.0 = Release|Win32
		{F05F5FCB-9C1D-44B7-ACEC-7FD389EC536B}.Template|x86.ActiveCfg = Template|Win32
		{F05F5FCB-9C1D-44B7-ACEC-7FD389EC536B}.Template|x86.Build.0 = Template|Win32
		{C74E84B5-24FF-4C7D-9ADC-76BE988A1C3F}.Debug|x86.ActiveCfg = Debug|Win32
		{C74E84B5-24FF-4C7D-9ADC-76BE988A1C3F}.Debug|x86.Build.0 = Debug|Win32
		{C74E84B5-24FF-4C7D-9ADC-76BE988A1C3F}.Release|x86.ActiveCfg = Release|Win32
		{C74E84B5-24FF-4C7D-9ADC-76BE988A1C3F}.Release|x86.Build.0 = Release|Win32
		{C74E84B5-24FF-4C7D-9ADC-76BE988A1C3F}.Template|x86.ActiveCfg = Template|Win32
		{C74E84B5-24FF-4C7D-9ADC-76BE988A1C3F}.Template|x86.Build.0 = Template|Win32
		{F826CCEE-4800-4A4A-9FC6-7A2A25FE4049}.Debug|x86.ActiveCfg = Debug|Win32
		{F826CCEE-4800-4A4A-9FC6-7A2A25FE4049}.Debug|x86.Build.0 = Debug|Win32
		{F826CCEE-4800-4A4A-9FC6-7A2A25FE4049}.Release|x86.ActiveCfg = Release|Win32
		{F826CCEE-4800-4A4A-9FC6-7A2A25FE4049}.Release|x86.Build.0 = Release|Win32
		{F826CCEE-4800-4A4A-9FC6-7A2A25FE4049}.Template|x86.ActiveCfg = Template|Win32
		{F826CCEE-4800-4A4A-9FC6-7A2A25FE4049}.Template|x86.Build.0 = Template|Win32
		{0056DA06-82CE-44DE-9E63-4058ECC43304}.Debug|x86.ActiveCfg = Debug|Win32
		{0056DA06-82CE-44DE-9E63-4058ECC43304}.Debug|x86.Build.0 = Debug|Win32
		{0056DA06-82CE-44DE-9E63-4058ECC43304}.Release|x86.ActiveCfg = Release|Win32
		{0056DA06-82CE-44DE-9E63-4058ECC43304}.Release|x86.Build.0 = Release|Win32
		{0056DA06-82CE-44DE-9E63-4058ECC43304}.Template|x86.ActiveCfg = Template|Win32
		{0056DA06-82CE-44DE-9E63-4058ECC43304}.Template|x86.Build.0 = Template|Win32
		{2331726B-3417-4FD3-BB1F-E8B8A14CDC2E}.Debug|x86.ActiveCfg = Debug|Win32
		{2331726B-3417-4FD3-BB1F-E8B8A14CDC2E}.Debug|x86.Build.0 = Debug|Win32
		{2331726B-3417-4FD3-BB1F-E8B8A14CDC2E}.Release|x86.ActiveCfg = Release|Win32
		{2331726B-3417-4FD3-BB1F-E8B8A14CDC2E}.Release|x86.Build.0 = Release|Win32
		{2331726B-3417-4FD3-BB1F-E8B8A14CDC2E}.Template|x86.ActiveCfg = Template|Win32
		{2331726B-3417-4FD3-BB1F-E8B8A14CDC2E}.Template|x86.Build.0 = Template|Win32
		{D82022A9-B600-4AA2-8DF3-264E8B4ED7E4}.Debug|x86.ActiveCfg = Debug|Win32
		{D82022A9-B600-4AA2-8DF3-264E8B4ED7E4}.Debug|x86.Build.0 = Debug|Win32
		{D82022A9-B600-4AA2-8DF3-264E8B4ED7E4}.Release|x86.ActiveCfg = Release|Win32
		{D82022A9-B600-4AA2-8DF3-264E8B4ED7E4}.Release|x86.Build.0 = Release|Win32
		{D82022A9-B600-4AA2-8DF3-264E8B4ED7E4}.Template|x86.ActiveCfg = Template|Win32
		{D82022A9-B600-4AA2-8DF3-264E8B4ED7E4}.Template|x86.Build.0 = Template|Win32
		{61CDB3F0-AC15-4EC4-9710-A6593C0F444F}.Debug|x86.ActiveCfg = Debug|Win32
		{61CDB3F0-AC15-4EC4-9710-A6593C0F444F}.Debug|x86.Build.0 = Debug|Win32
		{61CDB3F0-AC15-4EC4-9710-A6593C0F444F}.Release|x86.ActiveCfg = Release|Win32
		{61CDB3F0-AC15-4EC4-9710-A6593C0F444F}.Release|x86.Build.0 = Release|Win32
		{61CDB3F0-AC15-4EC4-9710-A6593C0F444F}.Template|x86.ActiveCfg = Template|Win32
		{61CDB3F0-AC15-4EC4-9710-A6593C0F444F}.Template|x86.Build.0 = Template|Win32
		{8D1D97F1-2D2D-4482-8C05-CBC66EE7E009}.Debug|x86.ActiveCfg = Debug|Win32
		{8D1D97F1-2D2D-4482-8C05-CBC66EE7E009}.Debug|x86.Build.0 = Debug|Win32
		{8D1D97F1-2D2D-4482-8C05-CBC66EE7E009}.Release|x86.ActiveCfg = Release|Win32
		{8D1D97F1-2D2D-4482-8C05-CBC66EE7E009}.Release|x86.Build.0 = Release|Win32
		{8D1D97F1-2D2D-4482-8C05-CBC66EE7E009}.Template|x86.ActiveCfg = Template|Win32
		{8D1D97F1-2D2D-4482-8C05-CBC66EE7E009}.Template|x86.Build.0 = Template|Win32
		{8FFAFE3D-BD75-430B-A637-6C8303A9C03C}.Debug|x86.ActiveCfg = Debug|Win32
		{8FFAFE3D-BD75-430B-A637-6C8303A9C03C}.Debug|x86.Build.0 = Debug|Win32
		{8FFAFE3D-BD75-430B-A637-6C8303A9C03C}.Release|x86.ActiveCfg = Release|Win32
		{8FFAFE3D-BD75-430B-A637-6C8303A9C03C}.Release|x86.Build.0 = Release|Win32
		{8FFAFE3D-BD75-430B-A637-6C8303A9C03C}.Template|x86.ActiveCfg = Template|Win32
		{8FFAFE3D-BD75-430B-A637-6C8303A9C03C}.Template|x86.Build.0 = Template|Win32
		{AA51502E-D9D3-4D13-B336-E34D53FF1FAA}.Debug|x86.ActiveCfg = Debug|Win32
		{AA51502E-D9D3-4D13-B336-E34D53FF1FAA}.Debug|x86.Build.0 = Debug|Win32
		{AA51502E-D9D3-4D13-B336-E34D53FF1FAA}.Release|x86.ActiveCfg = Release|Win32
		{AA51502E-D9D3-4D13-B336-E34D53FF1FAA}.Release|x86.Build.0 = Release|Win32
		{AA51502E-D9D3-4D13-B336-E34D53FF1FAA}.Template|x86.ActiveCfg = Template|Win32
		{AA51502E-D9D3-4D13-B336-E34D53FF1FAA}.Template|x86.Build.0 = Template|Win32
		{AB33FA9E-04A9-4DD1-BA58-5BCEDB86252E}.Debug|x86.ActiveCfg = Debug|Win32
		{AB33FA9E-04A9-4DD1-BA58-5BCEDB86252E}.Debug|x86.Build.0 = Debug|Win32
		{AB33FA9E-04A9-4DD1-BA58-5BCEDB86252E}.Release|x86.ActiveCfg = Release|Win32
		{AB33FA9E-04A9-4DD1-BA58-5BCEDB86252E}.Release|x86.Build.0 = Release|Win32
		{AB33FA9E-04A9-4DD1-BA58-5BCEDB86252E}.Template|x86.ActiveCfg = Template|Win32
		{AB33FA9E-04A9-4DD1-BA58-5BCEDB86252E}.Template|x86.Build.0 = Template|Win32
		{5A91CD64-1D83-4292-9693-1B69A9B1A808}.Debug|x86.ActiveCfg = Debug|Win32
		{5A91CD64-1D83-4292-9693-1B69A9B1A808}.Debug|x86.Build.0 = Debug|Win32
		{5A91CD64-1D83-4292-9693-1B69A9B1A808}.Release|x86.ActiveCfg = Release|Win32
		{5A91CD64-1D83-4292-9693-1B69A9B1A808}.Release|x86.Build.0 = Release|Win32
		{5A91CD64-1D83-4292-9693-1B69A9B1A808}.Template|x86.ActiveCfg = Template|Win32
		{5A91CD64-1D83-4292-9693-1B69A9B1A808}.Template|x86.Build.0 = Template|Win32
		{BCFB872D-6950-4F7D-B528-4020E44E24E6}.Debug|x86.ActiveCfg = Debug|Win32
		{BCFB872D-6950-4F7D-B528-4020E44E24E6}.Debug|x86.Build.0 = Debug|Win32
		{BCFB872D-6950-4F7D-B528-4020E44E24E6}.Release|x86.ActiveCfg = Release|Win32
		{BCFB872D-6950-4F7D-B528-4020E44E24E6}.Release|x86.Build.0 = Release|Win32
		{BCFB872D-6950-4F7D-B528-4020E44E24E6}.Template|x86.ActiveCfg = Template|Win32
		{BCFB872D-6950-4F7D-B528-4020E44E24E6}.Template|x86.Build.0 = Template|Win32
		{8B6EDD2E-2478-4E82-9E1F-D778F534672E}.Debug|x86.ActiveCfg = Debug|Win32
		{8B6EDD2E-2478-4E82-9E1F-D778F534672E}.Debug|x86.Build.0 = Debug|Win32
		{8B6EDD2E-2478-4E82-9E1F-D778F534672E}.Release|x86.ActiveCfg = Release|Win32
		{8B6EDD2E-2478-4E82-9E1F-D778F534672E}.Release|x86.Build.0 = Release|Win32
		{8B6EDD2E-2478-4E82-9E1F-D778F534672E}.Template|x86.ActiveCfg = Template|Win32
		{8B6EDD2E-2478-4E82-9E1F-D778F534672E}.Template|x86.Build.0 = Template|Win32
		{73FC3996-ECB6-4207-914E-A135C41B1E4F}.Debug|x86.ActiveCfg = Debug|Win32
		{73FC3996-ECB6-4207-914E-A135C41B1E4F}.Debug|x86.Build.0 = Debug|Win32
		{73FC3996-ECB6-4207-914E-A135C41B1E4F}.Release|x86.ActiveCfg = Release|Win32
		{73FC3996-ECB6-4207-914E-A135C41B1E4F}.Release|x86.Build.0 = Release|Win32
		{73FC3996-ECB6-4207-914E-A135C41B1E4F}.Template|x86.ActiveCfg = Template|Win32
		{73FC3996-ECB6-4207-914E-A135C41B1E4F}.Template|x86.Build.0 = Template|Win32
		{9B7E1B16-8824-41ED-A976-4D1F0C3A920D}.Debug|x86.ActiveCfg = Debug|Win32
		{9B7E1B16-8824-41ED-A976-4D1F0C3A920D}.Debug|x86.Build.0 = Debug|Win32
		{9B7E1B16-8824-41ED-A976-4D1F0C3A920D}.Release|x86.ActiveCfg = Release|Win32
		{9B7E1B16-8824-41ED-A976-4D1F0C3A920D}.Release|x86.Build.0 = Release|Win32
		{9B7E1B16-8824-41ED-A976-4D1F0C3A920D}.Template|x86.ActiveCfg = Template|Win32
		{9B7E1B16-8824-41ED-A976-4D1F0C3A920D}.Template|x86.Build.0 = Template|Win32
		{79BDD81E-048C-4135-808B-F582A4EA794B}.Debug|x86.ActiveCfg = Debug|Win32
		{79BDD81E-048C-4135-808B-F582A4EA794B}.Debug|x86.Build.0 = Debug|Win32
		{79BDD81E-048C-4135-808B-F582A4EA794B}.Release|x86.ActiveCfg = Release|Win32
		{79BDD81E-048C-4135-808B-F582A4EA794B}.Release|x86.Build.0 = Release|Win32
		{79BDD81E-048C-4135-808B-F582A4EA794B}.Template|x86.ActiveCfg = Template|Win32
		{79BDD81E-048C-4135-808B-F582A4EA794B}.Template|x86.Build.0 = Template|Win32
		{F6FF8B93-3AF7-45A0-9A8C-70097418AB9E}.Debug|x86.ActiveCfg = Debug|Win32
		{F6FF8B93-3AF7-45A0-9A8C-70097418AB9E}.Debug|x86.Build.0 = Debug|Win32
		{F6FF8B93-3AF7-45A0-9A8C-70097418AB9E}.Release|x86.ActiveCfg = Release|Win32
		{F6FF8B93-3AF7-45A0-9A8C-70097418AB9E}.Release|x86.Build.0 = Release|Win32
		{F6FF8B93-3AF7-45A0-9A8C-70097418AB9E}.Template|x86.ActiveCfg = Template|Win32
		{F6FF8B93-3AF7-45A0-9A8C-70097418AB9E}.Template|x86.Build.0 = Template|Win32
		{8DF795BF-D26B-44BC-AD12-2D77AE073643}.Debug|x86.ActiveCfg = Debug|Win32
		{8DF795BF-D26B-44BC-AD12-2D77AE073643}.Debug|x86.Build.0 = Debug|Win32
		{8DF795BF-D26B-44BC-AD12-2D77AE073643}.Release|x86.ActiveCfg = Release|Win32
		{8DF795BF-D26B-44BC-AD12-2D77AE073643}.Release|x86.Build.0 = Release|Win32
		{8DF795BF-D26B-44BC-AD12-2D77AE073643}.Template|x86.ActiveCfg = Template|Win32
		{8DF795BF-D26B-44BC-AD12-2D77AE073643}.Template|x86.Build.0 = Template|Win32
		{72404E8C-38ED-4266-ACC3-35A43AEE324F}.Debug|x86.ActiveCfg = Debug|Win32
		{72404E8C-38ED-4266-ACC3-35A43AEE324F}.Debug|x86.Build.0 = Debug|Win32
		{72404E8C-38ED-4266-ACC3-35A43AEE324F}.Release|x86.ActiveCfg = Release|Win32
		{72404E8C-38ED-4266-ACC3-35A43AEE324F}.Release|x86.Build.0 = Release|Win32
		{72404E8C-38ED-4266-ACC3-35A43AEE324F}.Template|x86.ActiveCfg = Template|Win32
		{72404E8C-38ED-4266-ACC3-35A43AEE324F}.Template|x86.Build.0 = Template|Win32
		{CE076AA7-058D-49ED-A5A7-D602B64B85D4}.Debug|x86.ActiveCfg = Debug|Win32
		{CE076AA7-058D-49ED-A5A7-D602B64B85D4}.Debug|x86.Build.0 = Debug|Win32
		{CE076AA7-058D-49ED-A5A7-D602B64B85D4}.Release|x86.ActiveCfg = Release|Win32
		{CE076AA7-058D-49ED-A5A7-D602B64B85D4}.Release|x86.Build.0 = Release|Win32
		{CE076AA7-058D-49ED-A5A7-D602B64B85D4}.Template|x86.ActiveCfg = Template|Win32
		{CE076AA7-058D-49ED-A5A7-D602B64B85D4}.Template|x86.Build.0 = Template|Win32
		{0F364AC6-A018-448B-BD25-1A9E1FCEC80F}.Debug|x86.ActiveCfg = Debug|Win32
		{0F364AC6-A018-448B-BD25-1A9E1FCEC80F}.Debug|x86.Build.0 = Debug|Win32
		{0F364AC6-A018-448B-BD25-1A9E1FCEC80F}.Release|x86.ActiveCfg = Release|Win32
		{0F364AC6-A018-448B-BD25-1A9E1FCEC80F}.Release|x86.Build.0 = Release|Win32
		{0F364AC6-A018-448B-BD25-1A9E1FCEC80F}.Template|x86.ActiveCfg = Template|Win32
		{0F364AC6-A018-448B-BD25-1A9E1FCEC80F}.Template|x86.Build.0 = Template|Win32
		{274A646D-2489-40CF-B98E-904C65C4BFFF}.Debug|x86.ActiveCfg = Debug|Win32
		{274A646D-2489-40CF-B98E-904C65C4BFFF}.Debug|x86.Build.0 = Debug|Win32
		{274A646D-2489-40CF-B98E-904C65C4BFFF}.Release|x86.ActiveCfg = Release|Win32
		{274A646D-2489-40CF-B98E-904C65C4BFFF}.Release|x86.Build.0 = Release|Win32
		{274A646D-2489-40CF-B98E-904C65C4BFFF}.Template|x86.ActiveCfg = Template|Win32
		{274A646D-2489-40CF-B98E-904C65C4BFFF}.Template|x86.Build.0 = Template|Win32
		{4868DCF1-1E40-49E7-97DA-FF434BCD058F}.Debug|x86.ActiveCfg = Debug|Win32
		{4868DCF1-1E40-49E7-97DA-FF434BCD058F}.Debug|x86.Build.0 = Debug|Win32
		{4868DCF1-1E40-49E7-97DA-FF434BCD058F}.Release|x86.ActiveCfg = Release|Win32
		{4868DCF1-1E40-49E7-97DA-FF434BCD058F}.Release|x86.Build.0 = Release|Win32
		{4868DCF1-1E40-49E7-97DA-FF434BCD058F}.Template|x86.ActiveCfg = Template|Win32
		{4868DCF1-1E40-49E7-97DA-FF434BCD058F}.Template|x86.Build.0 = Template|Win32
		{C5BC96D2-C978-42D2-A2FC-E22A6F92F5F4}.Debug|x86.ActiveCfg = Debug|Win32
		{C5BC96D2-C978-42D2-A2FC-E22A6F92F5F4}.Debug|x86.Build.0 = Debug|Win32
		{C5BC96D2-C978-42D2-A2FC-E22A6F92F5F4}.Release|x86.ActiveCfg = Release|Win32
		{C5BC96D2-C978-42D2-A2FC-E22A6F92F5F4}.Release|x86.Build.0 = Release|Win32
		{C5BC96D2-C978-42D2-A2FC-E22A6F92F5F4}.Template|x86.ActiveCfg = Template|Win32
		{C5BC96D2-C978-42D2-A2FC-E22A6F92F5F4}.Template|x86.Build.0 = Template|Win32
		{02D28890-CC03-4596-813F-8E36C63C43A8}.Debug|x86.ActiveCfg = Debug|Win32
		{02D28890-CC03-4596-813F-8E36C63C43A8}.Debug|x86.Build.0 = Debug|Win32
		{02D28890-CC03-4596-813F-8E36C63C43A8}.Release|x86.ActiveCfg = Release|Win32
		{02D28890-CC03-4596-813F-8E36C63C43A8}.Release|x86.Build.0 = Release|Win32
		{02D28890-CC03-4596-813F-8E36C63C43A8}.Template|x86.ActiveCfg = Template|Win32
		{02D28890-CC03-4596-813F-8E36C63C43A8}.Template|x86.Build.0 = Template|Win32
	EndGlobalSection
	GlobalSection(SolutionProperties) = preSolution
		HideSolutionNode = FALSE
	EndGlobalSection
	GlobalSection(ExtensibilityGlobals) = postSolution
		SolutionGuid = {6F87A393-9D59-4F9D-9A05-DD5FF5AE7122}
	EndGlobalSection
EndGlobal
